
Microsoft Visual Studio Solution File, Format Version 12.00
# Visual Studio 15
VisualStudioVersion = 15.0.28307.329
MinimumVisualStudioVersion = 10.0.40219.1
Project("{FAE04EC0-301F-11D3-BF4B-00C04F79EFBC}") = "Debug", "Debug\Debug.csproj", "{1BFCD916-8BDC-4392-B590-A29C01EE8D08}"
EndProject
Global
	GlobalSection(SolutionConfigurationPlatforms) = preSolution
		Debug|Any CPU = Debug|Any CPU
		Release|Any CPU = Release|Any CPU
	EndGlobalSection
	GlobalSection(ProjectConfigurationPlatforms) = postSolution
		{1BFCD916-8BDC-4392-B590-A29C01EE8D08}.Debug|Any CPU.ActiveCfg = Debug|Any CPU
		{1BFCD916-8BDC-4392-B590-A29C01EE8D08}.Debug|Any CPU.Build.0 = Debug|Any CPU
		{1BFCD916-8BDC-4392-B590-A29C01EE8D08}.Release|Any CPU.ActiveCfg = Release|Any CPU
		{1BFCD916-8BDC-4392-B590-A29C01EE8D08}.Release|Any CPU.Build.0 = Release|Any CPU
	EndGlobalSection
	GlobalSection(SolutionProperties) = preSolution
		HideSolutionNode = FALSE
	EndGlobalSection
	GlobalSection(ExtensibilityGlobals) = postSolution
		SolutionGuid = {010B6A3F-286F-4BFA-B0F5-C5AB0C59171C}
	EndGlobalSection
EndGlobal
